
Microsoft Visual Studio Solution File, Format Version 12.00
# Visual Studio Version 17
VisualStudioVersion = 17.4.33110.190
MinimumVisualStudioVersion = 10.0.40219.1
Project("{9A19103F-16F7-4668-BE54-9A1E7A4F7556}") = "PlayOffsApi", "PlayOffsApi.csproj", "{89A4F699-4E70-401F-B59C-5CD4B58B6BD8}"
EndProject
Global
	GlobalSection(SolutionConfigurationPlatforms) = preSolution
		Debug|Any CPU = Debug|Any CPU
		Release|Any CPU = Release|Any CPU
	EndGlobalSection
	GlobalSection(ProjectConfigurationPlatforms) = postSolution
		{89A4F699-4E70-401F-B59C-5CD4B58B6BD8}.Debug|Any CPU.ActiveCfg = Debug|Any CPU
		{89A4F699-4E70-401F-B59C-5CD4B58B6BD8}.Debug|Any CPU.Build.0 = Debug|Any CPU
		{89A4F699-4E70-401F-B59C-5CD4B58B6BD8}.Release|Any CPU.ActiveCfg = Release|Any CPU
		{89A4F699-4E70-401F-B59C-5CD4B58B6BD8}.Release|Any CPU.Build.0 = Release|Any CPU
	EndGlobalSection
	GlobalSection(SolutionProperties) = preSolution
		HideSolutionNode = FALSE
	EndGlobalSection
	GlobalSection(ExtensibilityGlobals) = postSolution
		RESX_NeutralResourcesLanguage = pt-BR
		SolutionGuid = {E15E58A7-2807-4455-B9B1-D35EE7AAE267}
	EndGlobalSection
EndGlobal
